
Microsoft Visual Studio Solution File, Format Version 12.00
# Visual Studio Version 17
VisualStudioVersion = 17.14.36401.2 d17.14
MinimumVisualStudioVersion = 10.0.40219.1
Project("{FAE04EC0-301F-11D3-BF4B-00C04F79EFBC}") = "BlueprintProWeb", "BlueprintProWeb\BlueprintProWeb.csproj", "{6AE51135-FB75-43B6-9B14-2CBBFCD5E330}"
EndProject
Global
	GlobalSection(SolutionConfigurationPlatforms) = preSolution
		Debug|Any CPU = Debug|Any CPU
		Release|Any CPU = Release|Any CPU
	EndGlobalSection
	GlobalSection(ProjectConfigurationPlatforms) = postSolution
		{6AE51135-FB75-43B6-9B14-2CBBFCD5E330}.Debug|Any CPU.ActiveCfg = Debug|Any CPU
		{6AE51135-FB75-43B6-9B14-2CBBFCD5E330}.Debug|Any CPU.Build.0 = Debug|Any CPU
		{6AE51135-FB75-43B6-9B14-2CBBFCD5E330}.Release|Any CPU.ActiveCfg = Release|Any CPU
		{6AE51135-FB75-43B6-9B14-2CBBFCD5E330}.Release|Any CPU.Build.0 = Release|Any CPU
	EndGlobalSection
	GlobalSection(SolutionProperties) = preSolution
		HideSolutionNode = FALSE
	EndGlobalSection
	GlobalSection(ExtensibilityGlobals) = postSolution
		SolutionGuid = {97D6AB76-109A-43C6-8D63-972B537BE3E6}
	EndGlobalSection
EndGlobal
